# Code generated by scarb DO NOT EDIT.
version = 1

[[package]]
name = "diff"
version = "0.1.0"

[[package]]
name = "pretty_assertions"
version = "0.1.0"
dependencies = [
 "diff",
 "pretty_assertions_macro",
 "pretty_format",
]

[[package]]
name = "pretty_assertions_demo"
version = "0.1.0"
dependencies = [
 "pretty_assertions",
]

[[package]]
name = "pretty_assertions_macro"
version = "0.1.0"

[[package]]
name = "pretty_format"
version = "0.1.0"
dependencies = [
 "diff",
 "pretty_format_macro",
]

[[package]]
name = "pretty_format_macro"
version = "0.1.0"
